# THIS IS AN AUTOGENERATED FILE. DO NOT EDIT THIS FILE DIRECTLY.
# yarn lockfile v1


"@financial-times/polyfill-useragent-normaliser@^2.0.1":
  version "2.0.1"
  resolved "https://registry.npmmirror.com/@financial-times/polyfill-useragent-normaliser/-/polyfill-useragent-normaliser-2.0.1.tgz#39cbfcc985776e13ad61e44bc04af95c6023a01b"
  integrity sha512-I6zZJgy3cwM9ojo9NVNj5kNTkt96KIKhJQIPQ7vjROaDCpy+sTRQA2HLCjBFKgo0AzsqdMB43Tx0Szt/mf+00g==
  dependencies:
    "@financial-times/useragent_parser" "^1.6.1"
    semver "^7.1.1"

"@financial-times/useragent_parser@^1.6.1":
  version "1.6.3"
  resolved "https://registry.npmmirror.com/@financial-times/useragent_parser/-/useragent_parser-1.6.3.tgz#338e9d63b77152cda3b7244db7b9b9db996de361"
  integrity sha512-TlQiXt/vS5ZwY0V3salvlyQzIzMGZEyw9inmJA25A8heL2kBVENbToiEc64R6ETNf5YHa2lwnc2I7iNHP9SqeQ==

core-util-is@~1.0.0:
  version "1.0.3"
  resolved "https://registry.npmmirror.com/core-util-is/-/core-util-is-1.0.3.tgz#a6042d3634c2b27e9328f837b965fac83808db85"
  integrity sha512-ZQBvi1DcpJ4GDqanjucZ2Hj3wEO5pZDS89BWbkcrvdxksJorwUDDZamX9ldFkp9aw2lmBDLgkObEA4DWNJ9FYQ==

from2-string@^1.1.0:
  version "1.1.0"
  resolved "https://registry.npmmirror.com/from2-string/-/from2-string-1.1.0.tgz#18282b27d08a267cb3030cd2b8b4b0f212af752a"
  integrity sha512-m8vCh+KnXXXBtfF2VUbiYlQ+nczLcntB0BrtNgpmLkHylhObe9WF1b2LZjBBzrZzA6P4mkEla6ZYQoOUTG8cYA==
  dependencies:
    from2 "^2.0.3"

from2@^2.0.3:
  version "2.3.0"
  resolved "https://registry.npmmirror.com/from2/-/from2-2.3.0.tgz#8bfb5502bde4a4d36cfdeea007fcca21d7e382af"
  integrity sha512-OMcX/4IC/uqEPVgGeyfN22LJk6AZrMkRZHxcHBMBvHScDGgwTm2GT2Wkgtocyd3JfZffjj2kYUDXXII0Fk9W0g==
  dependencies:
    inherits "^2.0.1"
    readable-stream "^2.0.0"

graceful-fs@^4.2.10:
  version "4.2.10"
  resolved "https://registry.npmmirror.com/graceful-fs/-/graceful-fs-4.2.10.tgz#147d3a006da4ca3ce14728c7aefc287c367d7a6c"
  integrity sha512-9ByhssR2fPVsNZj478qUUbKfmL0+t5BDVyjShtyZZLiK7ZDAArFFfopyOTj0M05wE2tJPisA4iTnnXl2YoPvOA==

inherits@^2.0.1, inherits@~2.0.3:
  version "2.0.4"
  resolved "https://registry.npmmirror.com/inherits/-/inherits-2.0.4.tgz#0fa2c64f932917c3433a0ded55363aae37416b7c"
  integrity sha512-k/vGaX4/Yla3WzyMCvTQOXYeIHvqOKtnqBduzTHpzpQZzAskKMhZ2K+EnBiSM9zGSoIFeMpXKxa4dYeZIQqewQ==

isarray@~1.0.0:
  version "1.0.0"
  resolved "https://registry.npmmirror.com/isarray/-/isarray-1.0.0.tgz#bb935d48582cba168c06834957a54a3e07124f11"
  integrity sha512-VLghIWNM6ELQzo7zwmcg0NmTVyWKYjvIeM83yjp0wRDTmUnrM678fQbcKBo6n2CJEF0szoG//ytg+TKla89ALQ==

lru-cache@^6.0.0:
  version "6.0.0"
  resolved "https://registry.npmmirror.com/lru-cache/-/lru-cache-6.0.0.tgz#6d6fe6570ebd96aaf90fcad1dafa3b2566db3a94"
  integrity sha512-Jo6dJ04CmSjuznwJSS3pUeWmd/H0ffTlkXXgwZi+eq1UCmqQwCh+eLsYOYCwY991i2Fah4h1BEMCx4qThGbsiA==
  dependencies:
    yallist "^4.0.0"

merge2@^1.0.3:
  version "1.4.1"
  resolved "https://registry.npmmirror.com/merge2/-/merge2-1.4.1.tgz#4368892f885e907455a6fd7dc55c0c9d404990ae"
  integrity sha512-8q7VEgMJW4J8tcfVPy8g09NcQwZdbwFEqhe/WZkoIzjn/3TGDwtOCYtXGxA3O8tPzpczCCDgv+P2P5y00ZJOOg==

mnemonist@^0.39.2:
  version "0.39.3"
  resolved "https://registry.npmmirror.com/mnemonist/-/mnemonist-0.39.3.tgz#8340fc2e180b0dff20dca0a44f7af13639ca1ccb"
  integrity sha512-CQ9Nq2TjXH+bybu89QHHrJnv3FnGtozaQPna3gvGpgHSJhyfHR2khMN6EOL/Z1b6ikmbZgCUD2eOBtTS9FOdFw==
  dependencies:
    obliterator "^2.0.1"

obliterator@^2.0.1:
  version "2.0.4"
  resolved "https://registry.npmmirror.com/obliterator/-/obliterator-2.0.4.tgz#fa650e019b2d075d745e44f1effeb13a2adbe816"
  integrity sha512-lgHwxlxV1qIg1Eap7LgIeoBWIMFibOjbrYPIPJZcI1mmGAI2m3lNYpK12Y+GBdPQ0U1hRwSord7GIaawz962qQ==

polyfill-library@^4.5.0:
  version "4.5.0"
  resolved "https://registry.npmmirror.com/polyfill-library/-/polyfill-library-4.5.0.tgz#d3b8b105ce6282e3268d975d4d577e32f9d7b474"
  integrity sha512-97IyFmvssm12Ux2o65fqTIIgQtOu3y0v/FjBLXha1NUf+UjXeU+SX1+SMRMP+eDGoxDFedsG1pfrpBZpJ2AE7g==
  dependencies:
    "@financial-times/polyfill-useragent-normaliser" "^2.0.1"
    from2-string "^1.1.0"
    graceful-fs "^4.2.10"
    merge2 "^1.0.3"
    mnemonist "^0.39.2"
    stream-from-promise "^1.0.0"
    stream-to-string "^1.1.0"
    toposort "^2.0.2"

process-nextick-args@~2.0.0:
  version "2.0.1"
  resolved "https://registry.npmmirror.com/process-nextick-args/-/process-nextick-args-2.0.1.tgz#7820d9b16120cc55ca9ae7792680ae7dba6d7fe2"
  integrity sha512-3ouUOpQhtgrbOa17J7+uxOTpITYWaGP7/AhoR3+A+/1e9skrzelGi/dXzEYyvbxubEF6Wn2ypscTKiKJFFn1ag==

promise-polyfill@^1.1.6:
  version "1.1.6"
  resolved "https://registry.npmmirror.com/promise-polyfill/-/promise-polyfill-1.1.6.tgz#cd04eff46f5c95c3a7d045591d79b5e3e01f12d7"
  integrity sha512-7rrONfyLkDEc7OJ5QBkqa4KI4EBhCd340xRuIUPGCfu13znS+vx+VDdrT9ODAJHlXm7w4lbxN3DRjyv58EuzDg==

readable-stream@^2.0.0:
  version "2.3.7"
  resolved "https://registry.npmmirror.com/readable-stream/-/readable-stream-2.3.7.tgz#1eca1cf711aef814c04f62252a36a62f6cb23b57"
  integrity sha512-Ebho8K4jIbHAxnuxi7o42OrZgF/ZTNcsZj6nRKyUmkhLFq8CHItp/fy6hQZuZmP/n3yZ9VBUbp4zz/mX8hmYPw==
  dependencies:
    core-util-is "~1.0.0"
    inherits "~2.0.3"
    isarray "~1.0.0"
    process-nextick-args "~2.0.0"
    safe-buffer "~5.1.1"
    string_decoder "~1.1.1"
    util-deprecate "~1.0.1"

safe-buffer@~5.1.0, safe-buffer@~5.1.1:
  version "5.1.2"
  resolved "https://registry.npmmirror.com/safe-buffer/-/safe-buffer-5.1.2.tgz#991ec69d296e0313747d59bdfd2b745c35f8828d"
  integrity sha512-Gd2UZBJDkXlY7GbJxfsE8/nvKkUEU1G38c1siN6QP6a9PT9MmHB8GnpscSmMJSoF8LOIrt8ud/wPtojys4G6+g==

semver@^7.1.1:
  version "7.3.7"
  resolved "https://registry.npmmirror.com/semver/-/semver-7.3.7.tgz#12c5b649afdbf9049707796e22a4028814ce523f"
  integrity sha512-QlYTucUYOews+WeEujDoEGziz4K6c47V/Bd+LjSSYcA94p+DmINdf7ncaUinThfvZyu13lN9OY1XDxt8C0Tw0g==
  dependencies:
    lru-cache "^6.0.0"

stream-from-promise@^1.0.0:
  version "1.0.0"
  resolved "https://registry.npmmirror.com/stream-from-promise/-/stream-from-promise-1.0.0.tgz#763687f7dd777e4c894f6408333fc6b3fc8a61bb"
  integrity sha512-j84KLkudt+gr8KJ21RB02btPLx61uGbrLnewsWz6QKmsz8/c4ZFqXw6mJh5+G4oRN7DgDxdbjPxnpySpg1mUig==

stream-to-string@^1.1.0:
  version "1.2.0"
  resolved "https://registry.npmmirror.com/stream-to-string/-/stream-to-string-1.2.0.tgz#3ca506a097ecbf78b0e0aee0b6fa5c4565412a15"
  integrity sha512-8drZlFIKBHSMdX9GCWv8V9AAWnQcTqw0iAI6/GC7UJ0H0SwKeFKjOoZfGY1tOU00GGU7FYZQoJ/ZCUEoXhD7yQ==
  dependencies:
    promise-polyfill "^1.1.6"

string_decoder@~1.1.1:
  version "1.1.1"
  resolved "https://registry.npmmirror.com/string_decoder/-/string_decoder-1.1.1.tgz#9cf1611ba62685d7030ae9e4ba34149c3af03fc8"
  integrity sha512-n/ShnvDi6FHbbVfviro+WojiFzv+s8MPMHBczVePfUpDJLwoLT0ht1l4YwBCbi8pJAveEEdnkHyPyTP/mzRfwg==
  dependencies:
    safe-buffer "~5.1.0"

toposort@^2.0.2:
  version "2.0.2"
  resolved "https://registry.npmmirror.com/toposort/-/toposort-2.0.2.tgz#ae21768175d1559d48bef35420b2f4962f09c330"
  integrity sha512-0a5EOkAUp8D4moMi2W8ZF8jcga7BgZd91O/yabJCFY8az+XSzeGyTKs0Aoo897iV1Nj6guFq8orWDS96z91oGg==

util-deprecate@~1.0.1:
  version "1.0.2"
  resolved "https://registry.npmmirror.com/util-deprecate/-/util-deprecate-1.0.2.tgz#450d4dc9fa70de732762fbd2d4a28981419a0ccf"
  integrity sha512-EPD5q1uXyFxJpCrLnCc1nHnq3gOa6DZBocAIiI2TaSCA7VCJ1UJDMagCzIkXNsUYfD1daK//LTEQ8xiIbrHtcw==

yallist@^4.0.0:
  version "4.0.0"
  resolved "https://registry.npmmirror.com/yallist/-/yallist-4.0.0.tgz#9bb92790d9c0effec63be73519e11a35019a3a72"
  integrity sha512-3wdGidZyq5PB084XLES5TpOSRA3wjXAlIWMhum2kRcv/41Sn2emQ0dycQW4uZXLejwKvg6EsvbdlVL+FYEct7A==
